// !$*UTF8*$!
{
	archiveVersion = 1;
	classes = {
	};
	objectVersion = 52;
	objects = {

/* Begin PBXBuildFile section */
		D0120FB5247A4930001E9465 /* WebImagePage.swift in Sources */ = {isa = PBXBuildFile; fileRef = D0120FB4247A4930001E9465 /* WebImagePage.swift */; };
		D0120FB7247A4C65001E9465 /* WebImage.swift in Sources */ = {isa = PBXBuildFile; fileRef = D0120FB6247A4C65001E9465 /* WebImage.swift */; };
		D0120FBA247A5DB9001E9465 /* URLImage in Frameworks */ = {isa = PBXBuildFile; productRef = D0120FB9247A5DB9001E9465 /* URLImage */; };
		D0F6D0CC2476D09600C10898 /* AppDelegate.swift in Sources */ = {isa = PBXBuildFile; fileRef = D0F6D0CB2476D09600C10898 /* AppDelegate.swift */; };
		D0F6D0CE2476D09600C10898 /* SceneDelegate.swift in Sources */ = {isa = PBXBuildFile; fileRef = D0F6D0CD2476D09600C10898 /* SceneDelegate.swift */; };
		D0F6D0D02476D09600C10898 /* ContentView.swift in Sources */ = {isa = PBXBuildFile; fileRef = D0F6D0CF2476D09600C10898 /* ContentView.swift */; };
		D0F6D0D22476D0AB00C10898 /* Assets.xcassets in Resources */ = {isa = PBXBuildFile; fileRef = D0F6D0D12476D0AB00C10898 /* Assets.xcassets */; };
		D0F6D0D52476D0AB00C10898 /* Preview Assets.xcassets in Resources */ = {isa = PBXBuildFile; fileRef = D0F6D0D42476D0AB00C10898 /* Preview Assets.xcassets */; };
		D0F6D0D82476D0AB00C10898 /* LaunchScreen.storyboard in Resources */ = {isa = PBXBuildFile; fileRef = D0F6D0D62476D0AB00C10898 /* LaunchScreen.storyboard */; };
/* End PBXBuildFile section */

/* Begin PBXFileReference section */
		D0120FB4247A4930001E9465 /* WebImagePage.swift */ = {isa = PBXFileReference; lastKnownFileType = sourcecode.swift; path = WebImagePage.swift; sourceTree = "<group>"; };
		D0120FB6247A4C65001E9465 /* WebImage.swift */ = {isa = PBXFileReference; lastKnownFileType = sourcecode.swift; path = WebImage.swift; sourceTree = "<group>"; };
		D0F6D0C82476D09600C10898 /* toutiao.app */ = {isa = PBXFileReference; explicitFileType = wrapper.application; includeInIndex = 0; path = toutiao.app; sourceTree = BUILT_PRODUCTS_DIR; };
		D0F6D0CB2476D09600C10898 /* AppDelegate.swift */ = {isa = PBXFileReference; lastKnownFileType = sourcecode.swift; path = AppDelegate.swift; sourceTree = "<group>"; };
		D0F6D0CD2476D09600C10898 /* SceneDelegate.swift */ = {isa = PBXFileReference; lastKnownFileType = sourcecode.swift; path = SceneDelegate.swift; sourceTree = "<group>"; };
		D0F6D0CF2476D09600C10898 /* ContentView.swift */ = {isa = PBXFileReference; lastKnownFileType = sourcecode.swift; path = ContentView.swift; sourceTree = "<group>"; };
		D0F6D0D12476D0AB00C10898 /* Assets.xcassets */ = {isa = PBXFileReference; lastKnownFileType = folder.assetcatalog; path = Assets.xcassets; sourceTree = "<group>"; };
		D0F6D0D42476D0AB00C10898 /* Preview Assets.xcassets */ = {isa = PBXFileReference; lastKnownFileType = folder.assetcatalog; path = "Preview Assets.xcassets"; sourceTree = "<group>"; };
		D0F6D0D72476D0AB00C10898 /* Base */ = {isa = PBXFileReference; lastKnownFileType = file.storyboard; name = Base; path = Base.lproj/LaunchScreen.storyboard; sourceTree = "<group>"; };
		D0F6D0D92476D0AB00C10898 /* Info.plist */ = {isa = PBXFileReference; lastKnownFileType = text.plist.xml; path = Info.plist; sourceTree = "<group>"; };
/* End PBXFileReference section */

/* Begin PBXFrameworksBuildPhase section */
		D0F6D0C52476D09600C10898 /* Frameworks */ = {
			isa = PBXFrameworksBuildPhase;
			buildActionMask = 2147483647;
			files = (
				D0120FBA247A5DB9001E9465 /* URLImage in Frameworks */,
			);
			runOnlyForDeploymentPostprocessing = 0;
		};
/* End PBXFrameworksBuildPhase section */

/* Begin PBXGroup section */
		D0F6D0BF2476D09600C10898 = {
			isa = PBXGroup;
			children = (
				D0F6D0CA2476D09600C10898 /* toutiao */,
				D0F6D0C92476D09600C10898 /* Products */,
			);
			sourceTree = "<group>";
		};
		D0F6D0C92476D09600C10898 /* Products */ = {
			isa = PBXGroup;
			children = (
				D0F6D0C82476D09600C10898 /* toutiao.app */,
			);
			name = Products;
			sourceTree = "<group>";
		};
		D0F6D0CA2476D09600C10898 /* toutiao */ = {
			isa = PBXGroup;
			children = (
				D0F6D0CB2476D09600C10898 /* AppDelegate.swift */,
				D0F6D0CD2476D09600C10898 /* SceneDelegate.swift */,
				D0F6D0CF2476D09600C10898 /* ContentView.swift */,
				D0120FB6247A4C65001E9465 /* WebImage.swift */,
				D0120FB4247A4930001E9465 /* WebImagePage.swift */,
				D0F6D0D12476D0AB00C10898 /* Assets.xcassets */,
				D0F6D0D62476D0AB00C10898 /* LaunchScreen.storyboard */,
				D0F6D0D92476D0AB00C10898 /* Info.plist */,
				D0F6D0D32476D0AB00C10898 /* Preview Content */,
			);
			path = toutiao;
			sourceTree = "<group>";
		};
		D0F6D0D32476D0AB00C10898 /* Preview Content */ = {
			isa = PBXGroup;
			children = (
				D0F6D0D42476D0AB00C10898 /* Preview Assets.xcassets */,
			);
			path = "Preview Content";
			sourceTree = "<group>";
		};
/* End PBXGroup section */

/* Begin PBXNativeTarget section */
		D0F6D0C72476D09600C10898 /* toutiao */ = {
			isa = PBXNativeTarget;
			buildConfigurationList = D0F6D0DC2476D0AB00C10898 /* Build configuration list for PBXNativeTarget "toutiao" */;
			buildPhases = (
				D0F6D0C42476D09600C10898 /* Sources */,
				D0F6D0C52476D09600C10898 /* Frameworks */,
				D0F6D0C62476D09600C10898 /* Resources */,
			);
			buildRules = (
			);
			dependencies = (
			);
			name = toutiao;
			packageProductDependencies = (
				D0120FB9247A5DB9001E9465 /* URLImage */,
			);
			productName = toutiao;
			productReference = D0F6D0C82476D09600C10898 /* toutiao.app */;
			productType = "com.apple.product-type.application";
		};
/* End PBXNativeTarget section */

/* Begin PBXProject section */
		D0F6D0C02476D09600C10898 /* Project object */ = {
			isa = PBXProject;
			attributes = {
				LastSwiftUpdateCheck = 1120;
				LastUpgradeCheck = 1120;
				ORGANIZATIONNAME = Tom;
				TargetAttributes = {
					D0F6D0C72476D09600C10898 = {
						CreatedOnToolsVersion = 11.2.1;
					};
				};
			};
			buildConfigurationList = D0F6D0C32476D09600C10898 /* Build configuration list for PBXProject "toutiao" */;
			compatibilityVersion = "Xcode 9.3";
			developmentRegion = en;
			hasScannedForEncodings = 0;
			knownRegions = (
				en,
				Base,
			);
			mainGroup = D0F6D0BF2476D09600C10898;
			packageReferences = (
				D0120FB8247A5DB9001E9465 /* XCRemoteSwiftPackageReference "url-image" */,
			);
			productRefGroup = D0F6D0C92476D09600C10898 /* Products */;
			projectDirPath = "";
			projectRoot = "";
			targets = (
				D0F6D0C72476D09600C10898 /* toutiao */,
			);
		};
/* End PBXProject section */

/* Begin PBXResourcesBuildPhase section */
		D0F6D0C62476D09600C10898 /* Resources */ = {
			isa = PBXResourcesBuildPhase;
			buildActionMask = 2147483647;
			files = (
				D0F6D0D82476D0AB00C10898 /* LaunchScreen.storyboard in Resources */,
				D0F6D0D52476D0AB00C10898 /* Preview Assets.xcassets in Resources */,
				D0F6D0D22476D0AB00C10898 /* Assets.xcassets in Resources */,
			);
			runOnlyForDeploymentPostprocessing = 0;
		};
/* End PBXResourcesBuildPhase section */

/* Begin PBXSourcesBuildPhase section */
		D0F6D0C42476D09600C10898 /* Sources */ = {
			isa = PBXSourcesBuildPhase;
			buildActionMask = 2147483647;
			files = (
				D0F6D0CC2476D09600C10898 /* AppDelegate.swift in Sources */,
				D0F6D0CE2476D09600C10898 /* SceneDelegate.swift in Sources */,
				D0120FB7247A4C65001E9465 /* WebImage.swift in Sources */,
				D0F6D0D02476D09600C10898 /* ContentView.swift in Sources */,
				D0120FB5247A4930001E9465 /* WebImagePage.swift in Sources */,
			);
			runOnlyForDeploymentPostprocessing = 0;
		};
/* End PBXSourcesBuildPhase section */

/* Begin PBXVariantGroup section */
		D0F6D0D62476D0AB00C10898 /* LaunchScreen.storyboard */ = {
			isa = PBXVariantGroup;
			children = (
				D0F6D0D72476D0AB00C10898 /* Base */,
			);
			name = LaunchScreen.storyboard;
			sourceTree = "<group>";
		};
/* End PBXVariantGroup section */

/* Begin XCBuildConfiguration section */
		D0F6D0DA2476D0AB00C10898 /* Debug */ = {
			isa = XCBuildConfiguration;
			buildSettings = {
				ALWAYS_SEARCH_USER_PATHS = NO;
				CLANG_ANALYZER_NONNULL = YES;
				CLANG_ANALYZER_NUMBER_OBJECT_CONVERSION = YES_AGGRESSIVE;
				CLANG_CXX_LANGUAGE_STANDARD = "gnu++14";
				CLANG_CXX_LIBRARY = "libc++";
				CLANG_ENABLE_MODULES = YES;
				CLANG_ENABLE_OBJC_ARC = YES;
				CLANG_ENABLE_OBJC_WEAK = YES;
				CLANG_WARN_BLOCK_CAPTURE_AUTORELEASING = YES;
				CLANG_WARN_BOOL_CONVERSION = YES;
				CLANG_WARN_COMMA = YES;
				CLANG_WARN_CONSTANT_CONVERSION = YES;
				CLANG_WARN_DEPRECATED_OBJC_IMPLEMENTATIONS = YES;
				CLANG_WARN_DIRECT_OBJC_ISA_USAGE = YES_ERROR;
				CLANG_WARN_DOCUMENTATION_COMMENTS = YES;
				CLANG_WARN_EMPTY_BODY = YES;
				CLANG_WARN_ENUM_CONVERSION = YES;
				CLANG_WARN_INFINITE_RECURSION = YES;
				CLANG_WARN_INT_CONVERSION = YES;
				CLANG_WARN_NON_LITERAL_NULL_CONVERSION = YES;
				CLANG_WARN_OBJC_IMPLICIT_RETAIN_SELF = YES;
				CLANG_WARN_OBJC_LITERAL_CONVERSION = YES;
				CLANG_WARN_OBJC_ROOT_CLASS = YES_ERROR;
				CLANG_WARN_RANGE_LOOP_ANALYSIS = YES;
				CLANG_WARN_STRICT_PROTOTYPES = YES;
				CLANG_WARN_SUSPICIOUS_MOVE = YES;
				CLANG_WARN_UNGUARDED_AVAILABILITY = YES_AGGRESSIVE;
				CLANG_WARN_UNREACHABLE_CODE = YES;
				CLANG_WARN__DUPLICATE_METHOD_MATCH = YES;
				COPY_PHASE_STRIP = NO;
				DEBUG_INFORMATION_FORMAT = dwarf;
				ENABLE_STRICT_OBJC_MSGSEND = YES;
				ENABLE_TESTABILITY = YES;
				GCC_C_LANGUAGE_STANDARD = gnu11;
				GCC_DYNAMIC_NO_PIC = NO;
				GCC_NO_COMMON_BLOCKS = YES;
				GCC_OPTIMIZATION_LEVEL = 0;
				GCC_PREPROCESSOR_DEFINITIONS = (
					"DEBUG=1",
					"$(inherited)",
				);
				GCC_WARN_64_TO_32_BIT_CONVERSION = YES;
				GCC_WARN_ABOUT_RETURN_TYPE = YES_ERROR;
				GCC_WARN_UNDECLARED_SELECTOR = YES;
				GCC_WARN_UNINITIALIZED_AUTOS = YES_AGGRESSIVE;
				GCC_WARN_UNUSED_FUNCTION = YES;
				GCC_WARN_UNUSED_VARIABLE = YES;
				IPHONEOS_DEPLOYMENT_TARGET = 13.2;
				MTL_ENABLE_DEBUG_INFO = INCLUDE_SOURCE;
				MTL_FAST_MATH = YES;
				ONLY_ACTIVE_ARCH = YES;
				SDKROOT = iphoneos;
				SWIFT_ACTIVE_COMPILATION_CONDITIONS = DEBUG;
				SWIFT_OPTIMIZATION_LEVEL = "-Onone";
			};
			name = Debug;
		};
		D0F6D0DB2476D0AB00C10898 /* Release */ = {
			isa = XCBuildConfiguration;
			buildSettings = {
				ALWAYS_SEARCH_USER_PATHS = NO;
				CLANG_ANALYZER_NONNULL = YES;
				CLANG_ANALYZER_NUMBER_OBJECT_CONVERSION = YES_AGGRESSIVE;
				CLANG_CXX_LANGUAGE_STANDARD = "gnu++14";
				CLANG_CXX_LIBRARY = "libc++";
				CLANG_ENABLE_MODULES = YES;
				CLANG_ENABLE_OBJC_ARC = YES;
				CLANG_ENABLE_OBJC_WEAK = YES;
				CLANG_WARN_BLOCK_CAPTURE_AUTORELEASING = YES;
				CLANG_WARN_BOOL_CONVERSION = YES;
				CLANG_WARN_COMMA = YES;
				CLANG_WARN_CONSTANT_CONVERSION = YES;
				CLANG_WARN_DEPRECATED_OBJC_IMPLEMENTATIONS = YES;
				CLANG_WARN_DIRECT_OBJC_ISA_USAGE = YES_ERROR;
				CLANG_WARN_DOCUMENTATION_COMMENTS = YES;
				CLANG_WARN_EMPTY_BODY = YES;
				CLANG_WARN_ENUM_CONVERSION = YES;
				CLANG_WARN_INFINITE_RECURSION = YES;
				CLANG_WARN_INT_CONVERSION = YES;
				CLANG_WARN_NON_LITERAL_NULL_CONVERSION = YES;
				CLANG_WARN_OBJC_IMPLICIT_RETAIN_SELF = YES;
				CLANG_WARN_OBJC_LITERAL_CONVERSION = YES;
				CLANG_WARN_OBJC_ROOT_CLASS = YES_ERROR;
				CLANG_WARN_RANGE_LOOP_ANALYSIS = YES;
				CLANG_WARN_STRICT_PROTOTYPES = YES;
				CLANG_WARN_SUSPICIOUS_MOVE = YES;
				CLANG_WARN_UNGUARDED_AVAILABILITY = YES_AGGRESSIVE;
				CLANG_WARN_UNREACHABLE_CODE = YES;
				CLANG_WARN__DUPLICATE_METHOD_MATCH = YES;
				COPY_PHASE_STRIP = NO;
				DEBUG_INFORMATION_FORMAT = "dwarf-with-dsym";
				ENABLE_NS_ASSERTIONS = NO;
				ENABLE_STRICT_OBJC_MSGSEND = YES;
				GCC_C_LANGUAGE_STANDARD = gnu11;
				GCC_NO_COMMON_BLOCKS = YES;
				GCC_WARN_64_TO_32_BIT_CONVERSION = YES;
				GCC_WARN_ABOUT_RETURN_TYPE = YES_ERROR;
				GCC_WARN_UNDECLARED_SELECTOR = YES;
				GCC_WARN_UNINITIALIZED_AUTOS = YES_AGGRESSIVE;
				GCC_WARN_UNUSED_FUNCTION = YES;
				GCC_WARN_UNUSED_VARIABLE = YES;
				IPHONEOS_DEPLOYMENT_TARGET = 13.2;
				MTL_ENABLE_DEBUG_INFO = NO;
				MTL_FAST_MATH = YES;
				SDKROOT = iphoneos;
				SWIFT_COMPILATION_MODE = wholemodule;
				SWIFT_OPTIMIZATION_LEVEL = "-O";
				VALIDATE_PRODUCT = YES;
			};
			name = Release;
		};
		D0F6D0DD2476D0AB00C10898 /* Debug */ = {
			isa = XCBuildConfiguration;
			buildSettings = {
				ASSETCATALOG_COMPILER_APPICON_NAME = AppIcon;
				CODE_SIGN_STYLE = Automatic;
				DEVELOPMENT_ASSET_PATHS = "\"toutiao/Preview Content\"";
				DEVELOPMENT_TEAM = 686APR3L4Q;
				ENABLE_PREVIEWS = YES;
				INFOPLIST_FILE = toutiao/Info.plist;
				LD_RUNPATH_SEARCH_PATHS = (
					"$(inherited)",
					"@executable_path/Frameworks",
				);
				PRODUCT_BUNDLE_IDENTIFIER = TOMTWOS.toutiao;
				PRODUCT_NAME = "$(TARGET_NAME)";
				SWIFT_VERSION = 5.0;
				TARGETED_DEVICE_FAMILY = "1,2";
			};
			name = Debug;
		};
		D0F6D0DE2476D0AB00C10898 /* Release */ = {
			isa = XCBuildConfiguration;
			buildSettings = {
				ASSETCATALOG_COMPILER_APPICON_NAME = AppIcon;
				CODE_SIGN_STYLE = Automatic;
				DEVELOPMENT_ASSET_PATHS = "\"toutiao/Preview Content\"";
				DEVELOPMENT_TEAM = 686APR3L4Q;
				ENABLE_PREVIEWS = YES;
				INFOPLIST_FILE = toutiao/Info.plist;
				LD_RUNPATH_SEARCH_PATHS = (
					"$(inherited)",
					"@executable_path/Frameworks",
				);
				PRODUCT_BUNDLE_IDENTIFIER = TOMTWOS.toutiao;
				PRODUCT_NAME = "$(TARGET_NAME)";
				SWIFT_VERSION = 5.0;
				TARGETED_DEVICE_FAMILY = "1,2";
			};
			name = Release;
		};
/* End XCBuildConfiguration section */

/* Begin XCConfigurationList section */
		D0F6D0C32476D09600C10898 /* Build configuration list for PBXProject "toutiao" */ = {
			isa = XCConfigurationList;
			buildConfigurations = (
				D0F6D0DA2476D0AB00C10898 /* Debug */,
				D0F6D0DB2476D0AB00C10898 /* Release */,
			);
			defaultConfigurationIsVisible = 0;
			defaultConfigurationName = Release;
		};
		D0F6D0DC2476D0AB00C10898 /* Build configuration list for PBXNativeTarget "toutiao" */ = {
			isa = XCConfigurationList;
			buildConfigurations = (
				D0F6D0DD2476D0AB00C10898 /* Debug */,
				D0F6D0DE2476D0AB00C10898 /* Release */,
			);
			defaultConfigurationIsVisible = 0;
			defaultConfigurationName = Release;
		};
/* End XCConfigurationList section */

/* Begin XCRemoteSwiftPackageReference section */
		D0120FB8247A5DB9001E9465 /* XCRemoteSwiftPackageReference "url-image" */ = {
			isa = XCRemoteSwiftPackageReference;
			repositoryURL = "https://github.com/dmytro-anokhin/url-image.git";
			requirement = {
				kind = upToNextMajorVersion;
				minimumVersion = 0.9.15;
			};
		};
/* End XCRemoteSwiftPackageReference section */

/* Begin XCSwiftPackageProductDependency section */
		D0120FB9247A5DB9001E9465 /* URLImage */ = {
			isa = XCSwiftPackageProductDependency;
			package = D0120FB8247A5DB9001E9465 /* XCRemoteSwiftPackageReference "url-image" */;
			productName = URLImage;
		};
/* End XCSwiftPackageProductDependency section */
	};
	rootObject = D0F6D0C02476D09600C10898 /* Project object */;
}
